
Microsoft Visual Studio Solution File, Format Version 12.00
# Visual Studio 2013
VisualStudioVersion = 12.0.21005.1
MinimumVisualStudioVersion = 10.0.40219.1
Project("{FAE04EC0-301F-11D3-BF4B-00C04F79EFBC}") = "EXAM_U1", "EXAM_U1\EXAM_U1.csproj", "{016841E9-E48B-4D9E-A6FF-786A48E3974D}"
EndProject
Global
	GlobalSection(SolutionConfigurationPlatforms) = preSolution
		Debug|Any CPU = Debug|Any CPU
		Release|Any CPU = Release|Any CPU
	EndGlobalSection
	GlobalSection(ProjectConfigurationPlatforms) = postSolution
		{016841E9-E48B-4D9E-A6FF-786A48E3974D}.Debug|Any CPU.ActiveCfg = Debug|Any CPU
		{016841E9-E48B-4D9E-A6FF-786A48E3974D}.Debug|Any CPU.Build.0 = Debug|Any CPU
		{016841E9-E48B-4D9E-A6FF-786A48E3974D}.Release|Any CPU.ActiveCfg = Release|Any CPU
		{016841E9-E48B-4D9E-A6FF-786A48E3974D}.Release|Any CPU.Build.0 = Release|Any CPU
	EndGlobalSection
	GlobalSection(SolutionProperties) = preSolution
		HideSolutionNode = FALSE
	EndGlobalSection
EndGlobal
